
Microsoft Visual Studio Solution File, Format Version 12.00
# Visual Studio Version 16
VisualStudioVersion = 16.0.29926.136
MinimumVisualStudioVersion = 10.0.40219.1
Project("{9A19103F-16F7-4668-BE54-9A1E7A4F7556}") = "TP2", "TP2.csproj", "{6AFBBD70-D48F-4A0A-9068-AB8E7D031340}"
EndProject
Global
	GlobalSection(SolutionConfigurationPlatforms) = preSolution
		Debug|Any CPU = Debug|Any CPU
		Release|Any CPU = Release|Any CPU
	EndGlobalSection
	GlobalSection(ProjectConfigurationPlatforms) = postSolution
		{6AFBBD70-D48F-4A0A-9068-AB8E7D031340}.Debug|Any CPU.ActiveCfg = Debug|Any CPU
		{6AFBBD70-D48F-4A0A-9068-AB8E7D031340}.Debug|Any CPU.Build.0 = Debug|Any CPU
		{6AFBBD70-D48F-4A0A-9068-AB8E7D031340}.Release|Any CPU.ActiveCfg = Release|Any CPU
		{6AFBBD70-D48F-4A0A-9068-AB8E7D031340}.Release|Any CPU.Build.0 = Release|Any CPU
	EndGlobalSection
	GlobalSection(SolutionProperties) = preSolution
		HideSolutionNode = FALSE
	EndGlobalSection
	GlobalSection(ExtensibilityGlobals) = postSolution
		SolutionGuid = {E582ECB1-54D1-49C0-A7B3-B478D7FAEDD1}
	EndGlobalSection
EndGlobal
